
Microsoft Visual Studio Solution File, Format Version 12.00
# Visual Studio Version 16
VisualStudioVersion = 16.0.29123.88
MinimumVisualStudioVersion = 10.0.40219.1
Project("{FAE04EC0-301F-11D3-BF4B-00C04F79EFBC}") = "2.5 Wage Calculator", "2.5 Wage Calculator.csproj", "{09691E45-B7FF-445D-B22B-CC7675ED91DA}"
EndProject
Global
	GlobalSection(SolutionConfigurationPlatforms) = preSolution
		Debug|Any CPU = Debug|Any CPU
		Release|Any CPU = Release|Any CPU
	EndGlobalSection
	GlobalSection(ProjectConfigurationPlatforms) = postSolution
		{09691E45-B7FF-445D-B22B-CC7675ED91DA}.Debug|Any CPU.ActiveCfg = Debug|Any CPU
		{09691E45-B7FF-445D-B22B-CC7675ED91DA}.Debug|Any CPU.Build.0 = Debug|Any CPU
		{09691E45-B7FF-445D-B22B-CC7675ED91DA}.Release|Any CPU.ActiveCfg = Release|Any CPU
		{09691E45-B7FF-445D-B22B-CC7675ED91DA}.Release|Any CPU.Build.0 = Release|Any CPU
	EndGlobalSection
	GlobalSection(SolutionProperties) = preSolution
		HideSolutionNode = FALSE
	EndGlobalSection
	GlobalSection(ExtensibilityGlobals) = postSolution
		SolutionGuid = {47FF63A5-2505-48CF-A965-F3D0C6709FD1}
	EndGlobalSection
EndGlobal
